
Microsoft Visual Studio Solution File, Format Version 12.00
# Visual Studio 15
VisualStudioVersion = 15.0.27130.2027
MinimumVisualStudioVersion = 10.0.40219.1
Project("{FAE04EC0-301F-11D3-BF4B-00C04F79EFBC}") = "AntonioCanalizador", "AntonioCanalizador\AntonioCanalizador.csproj", "{FECD6205-278C-4B3D-9282-BB83E6BBF963}"
EndProject
Global
	GlobalSection(SolutionConfigurationPlatforms) = preSolution
		Debug|Any CPU = Debug|Any CPU
		Release|Any CPU = Release|Any CPU
	EndGlobalSection
	GlobalSection(ProjectConfigurationPlatforms) = postSolution
		{FECD6205-278C-4B3D-9282-BB83E6BBF963}.Debug|Any CPU.ActiveCfg = Debug|Any CPU
		{FECD6205-278C-4B3D-9282-BB83E6BBF963}.Debug|Any CPU.Build.0 = Debug|Any CPU
		{FECD6205-278C-4B3D-9282-BB83E6BBF963}.Release|Any CPU.ActiveCfg = Release|Any CPU
		{FECD6205-278C-4B3D-9282-BB83E6BBF963}.Release|Any CPU.Build.0 = Release|Any CPU
	EndGlobalSection
	GlobalSection(SolutionProperties) = preSolution
		HideSolutionNode = FALSE
	EndGlobalSection
	GlobalSection(ExtensibilityGlobals) = postSolution
		SolutionGuid = {ADB0A236-44F8-4673-A506-464465733879}
	EndGlobalSection
EndGlobal
